
Microsoft Visual Studio Solution File, Format Version 12.00
# Visual Studio Version 16
VisualStudioVersion = 16.0.30011.22
MinimumVisualStudioVersion = 10.0.40219.1
Project("{FAE04EC0-301F-11D3-BF4B-00C04F79EFBC}") = "RealEstateNet", "RealEstateNet\RealEstateNet.csproj", "{B219EF18-4822-46A5-8656-BF0DF12EB6EE}"
EndProject
Global
	GlobalSection(SolutionConfigurationPlatforms) = preSolution
		Debug|Any CPU = Debug|Any CPU
		Release|Any CPU = Release|Any CPU
	EndGlobalSection
	GlobalSection(ProjectConfigurationPlatforms) = postSolution
		{B219EF18-4822-46A5-8656-BF0DF12EB6EE}.Debug|Any CPU.ActiveCfg = Debug|Any CPU
		{B219EF18-4822-46A5-8656-BF0DF12EB6EE}.Debug|Any CPU.Build.0 = Debug|Any CPU
		{B219EF18-4822-46A5-8656-BF0DF12EB6EE}.Release|Any CPU.ActiveCfg = Release|Any CPU
		{B219EF18-4822-46A5-8656-BF0DF12EB6EE}.Release|Any CPU.Build.0 = Release|Any CPU
	EndGlobalSection
	GlobalSection(SolutionProperties) = preSolution
		HideSolutionNode = FALSE
	EndGlobalSection
	GlobalSection(ExtensibilityGlobals) = postSolution
		SolutionGuid = {2B51D807-B059-4860-A71A-78E668F362D8}
	EndGlobalSection
EndGlobal
